{
  "name": "barideal-dashboard",
  "version": "1.0.0",
  "lockfileVersion": 3,
  "requires": true,
  "packages": {
    "": {
      "name": "barideal-dashboard",
      "version": "1.0.0",
      "dependencies": {
        "@anthropic-ai/sdk": "^0.110.0",
        "dotenv": "^17.4.2",
        "hono": "^4.6.14",
        "mysql2": "^3.22.5"
      }
    },
    "node_modules/@anthropic-ai/sdk": {
      "version": "0.110.0",
      "license": "MIT",
      "dependencies": {
        "json-schema-to-ts": "^3.1.1",
        "standardwebhooks": "^1.0.0"
      },
      "bin": {
        "anthropic-ai-sdk": "bin/cli"
      },
      "peerDependencies": {
        "zod": "^3.25.0 || ^4.0.0"
      },
      "peerDependenciesMeta": {
        "zod": {
          "optional": true
        }
      }
    },
    "node_modules/@babel/runtime": {
      "version": "7.29.7",
      "license": "MIT",
      "engines": {
        "node": ">=6.9.0"
      }
    },
    "node_modules/@stablelib/base64": {
      "version": "1.0.1",
      "license": "MIT"
    },
    "node_modules/@types/node": {
      "version": "26.1.0",
      "license": "MIT",
      "peer": true,
      "dependencies": {
        "undici-types": "~8.3.0"
      }
    },
    "node_modules/aws-ssl-profiles": {
      "version": "1.1.2",
      "license": "MIT",
      "engines": {
        "node": ">= 6.0.0"
      }
    },
    "node_modules/denque": {
      "version": "2.1.0",
      "license": "Apache-2.0",
      "engines": {
        "node": ">=0.10"
      }
    },
    "node_modules/dotenv": {
      "version": "17.4.2",
      "resolved": "https://registry.npmjs.org/dotenv/-/dotenv-17.4.2.tgz",
      "integrity": "sha512-nI4U3TottKAcAD9LLud4Cb7b2QztQMUEfHbvhTH09bqXTxnSie8WnjPALV/WMCrJZ6UV/qHJ6L03OqO3LcdYZw==",
      "license": "BSD-2-Clause",
      "engines": {
        "node": ">=12"
      },
      "funding": {
        "url": "https://dotenvx.com"
      }
    },
    "node_modules/fast-sha256": {
      "version": "1.3.0",
      "license": "Unlicense"
    },
    "node_modules/generate-function": {
      "version": "2.3.1",
      "license": "MIT",
      "dependencies": {
        "is-property": "^1.0.2"
      }
    },
    "node_modules/hono": {
      "version": "4.12.27",
      "license": "MIT",
      "engines": {
        "node": ">=16.9.0"
      }
    },
    "node_modules/iconv-lite": {
      "version": "0.7.3",
      "license": "MIT",
      "dependencies": {
        "safer-buffer": ">= 2.1.2 < 3.0.0"
      },
      "engines": {
        "node": ">=0.10.0"
      },
      "funding": {
        "type": "opencollective",
        "url": "https://opencollective.com/express"
      }
    },
    "node_modules/is-property": {
      "version": "1.0.2",
      "license": "MIT"
    },
    "node_modules/json-schema-to-ts": {
      "version": "3.1.1",
      "license": "MIT",
      "dependencies": {
        "@babel/runtime": "^7.18.3",
        "ts-algebra": "^2.0.0"
      },
      "engines": {
        "node": ">=16"
      }
    },
    "node_modules/long": {
      "version": "5.3.2",
      "license": "Apache-2.0"
    },
    "node_modules/lru.min": {
      "version": "1.1.4",
      "license": "MIT",
      "engines": {
        "bun": ">=1.0.0",
        "deno": ">=1.30.0",
        "node": ">=8.0.0"
      },
      "funding": {
        "type": "github",
        "url": "https://github.com/sponsors/wellwelwel"
      }
    },
    "node_modules/mysql2": {
      "version": "3.22.5",
      "license": "MIT",
      "dependencies": {
        "aws-ssl-profiles": "^1.1.2",
        "denque": "^2.1.0",
        "generate-function": "^2.3.1",
        "iconv-lite": "^0.7.2",
        "long": "^5.3.2",
        "lru.min": "^1.1.4",
        "named-placeholders": "^1.1.6",
        "sql-escaper": "^1.3.3"
      },
      "engines": {
        "node": ">= 8.0"
      },
      "peerDependencies": {
        "@types/node": ">= 8"
      }
    },
    "node_modules/named-placeholders": {
      "version": "1.1.6",
      "license": "MIT",
      "dependencies": {
        "lru.min": "^1.1.0"
      },
      "engines": {
        "node": ">=8.0.0"
      }
    },
    "node_modules/safer-buffer": {
      "version": "2.1.2",
      "license": "MIT"
    },
    "node_modules/sql-escaper": {
      "version": "1.3.3",
      "license": "MIT",
      "engines": {
        "bun": ">=1.0.0",
        "deno": ">=2.0.0",
        "node": ">=12.0.0"
      },
      "funding": {
        "type": "github",
        "url": "https://github.com/mysqljs/sql-escaper?sponsor=1"
      }
    },
    "node_modules/standardwebhooks": {
      "version": "1.0.0",
      "license": "MIT",
      "dependencies": {
        "@stablelib/base64": "^1.0.0",
        "fast-sha256": "^1.3.0"
      }
    },
    "node_modules/ts-algebra": {
      "version": "2.0.0",
      "license": "MIT"
    },
    "node_modules/undici-types": {
      "version": "8.3.0",
      "license": "MIT",
      "peer": true
    }
  }
}
